// !$*UTF8*$!
{
	archiveVersion = 1;
	classes = {
	};
	objectVersion = 50;
	objects = {

/* Begin PBXBuildFile section */
		AF78FF6623F5E17200C0D99C /* AppDelegate.swift in Sources */ = {isa = PBXBuildFile; fileRef = AF78FF6523F5E17200C0D99C /* AppDelegate.swift */; };
		AF78FF6823F5E17200C0D99C /* SceneDelegate.swift in Sources */ = {isa = PBXBuildFile; fileRef = AF78FF6723F5E17200C0D99C /* SceneDelegate.swift */; };
		AF78FF6A23F5E17200C0D99C /* ViewController.swift in Sources */ = {isa = PBXBuildFile; fileRef = AF78FF6923F5E17200C0D99C /* ViewController.swift */; };
		AF78FF6D23F5E17200C0D99C /* Main.storyboard in Resources */ = {isa = PBXBuildFile; fileRef = AF78FF6B23F5E17200C0D99C /* Main.storyboard */; };
		AF78FF6F23F5E17300C0D99C /* Assets.xcassets in Resources */ = {isa = PBXBuildFile; fileRef = AF78FF6E23F5E17300C0D99C /* Assets.xcassets */; };
		AF78FF7223F5E17300C0D99C /* LaunchScreen.storyboard in Resources */ = {isa = PBXBuildFile; fileRef = AF78FF7023F5E17300C0D99C /* LaunchScreen.storyboard */; };
		AF78FF7A23F5E2B000C0D99C /* firstViewController.swift in Sources */ = {isa = PBXBuildFile; fileRef = AF78FF7923F5E2B000C0D99C /* firstViewController.swift */; };
		AF78FF7C23F5E90800C0D99C /* secondViewController.swift in Sources */ = {isa = PBXBuildFile; fileRef = AF78FF7B23F5E90800C0D99C /* secondViewController.swift */; };
/* End PBXBuildFile section */

/* Begin PBXFileReference section */
		AF78FF6223F5E17200C0D99C /* appBuildOne.app */ = {isa = PBXFileReference; explicitFileType = wrapper.application; includeInIndex = 0; path = appBuildOne.app; sourceTree = BUILT_PRODUCTS_DIR; };
		AF78FF6523F5E17200C0D99C /* AppDelegate.swift */ = {isa = PBXFileReference; lastKnownFileType = sourcecode.swift; path = AppDelegate.swift; sourceTree = "<group>"; };
		AF78FF6723F5E17200C0D99C /* SceneDelegate.swift */ = {isa = PBXFileReference; lastKnownFileType = sourcecode.swift; path = SceneDelegate.swift; sourceTree = "<group>"; };
		AF78FF6923F5E17200C0D99C /* ViewController.swift */ = {isa = PBXFileReference; lastKnownFileType = sourcecode.swift; path = ViewController.swift; sourceTree = "<group>"; };
		AF78FF6C23F5E17200C0D99C /* Base */ = {isa = PBXFileReference; lastKnownFileType = file.storyboard; name = Base; path = Base.lproj/Main.storyboard; sourceTree = "<group>"; };
		AF78FF6E23F5E17300C0D99C /* Assets.xcassets */ = {isa = PBXFileReference; lastKnownFileType = folder.assetcatalog; path = Assets.xcassets; sourceTree = "<group>"; };
		AF78FF7123F5E17300C0D99C /* Base */ = {isa = PBXFileReference; lastKnownFileType = file.storyboard; name = Base; path = Base.lproj/LaunchScreen.storyboard; sourceTree = "<group>"; };
		AF78FF7323F5E17300C0D99C /* Info.plist */ = {isa = PBXFileReference; lastKnownFileType = text.plist.xml; path = Info.plist; sourceTree = "<group>"; };
		AF78FF7923F5E2B000C0D99C /* firstViewController.swift */ = {isa = PBXFileReference; lastKnownFileType = sourcecode.swift; path = firstViewController.swift; sourceTree = "<group>"; };
		AF78FF7B23F5E90800C0D99C /* secondViewController.swift */ = {isa = PBXFileReference; lastKnownFileType = sourcecode.swift; path = secondViewController.swift; sourceTree = "<group>"; };
/* End PBXFileReference section */

/* Begin PBXFrameworksBuildPhase section */
		AF78FF5F23F5E17200C0D99C /* Frameworks */ = {
			isa = PBXFrameworksBuildPhase;
			buildActionMask = 2147483647;
			files = (
			);
			runOnlyForDeploymentPostprocessing = 0;
		};
/* End PBXFrameworksBuildPhase section */

/* Begin PBXGroup section */
		AF78FF5923F5E17200C0D99C = {
			isa = PBXGroup;
			children = (
				AF78FF6423F5E17200C0D99C /* appBuildOne */,
				AF78FF6323F5E17200C0D99C /* Products */,
			);
			sourceTree = "<group>";
		};
		AF78FF6323F5E17200C0D99C /* Products */ = {
			isa = PBXGroup;
			children = (
				AF78FF6223F5E17200C0D99C /* appBuildOne.app */,
			);
			name = Products;
			sourceTree = "<group>";
		};
		AF78FF6423F5E17200C0D99C /* appBuildOne */ = {
			isa = PBXGroup;
			children = (
				AF78FF6523F5E17200C0D99C /* AppDelegate.swift */,
				AF78FF6723F5E17200C0D99C /* SceneDelegate.swift */,
				AF78FF6923F5E17200C0D99C /* ViewController.swift */,
				AF78FF6B23F5E17200C0D99C /* Main.storyboard */,
				AF78FF7B23F5E90800C0D99C /* secondViewController.swift */,
				AF78FF7923F5E2B000C0D99C /* firstViewController.swift */,
				AF78FF6E23F5E17300C0D99C /* Assets.xcassets */,
				AF78FF7023F5E17300C0D99C /* LaunchScreen.storyboard */,
				AF78FF7323F5E17300C0D99C /* Info.plist */,
			);
			path = appBuildOne;
			sourceTree = "<group>";
		};
/* End PBXGroup section */

/* Begin PBXNativeTarget section */
		AF78FF6123F5E17200C0D99C /* appBuildOne */ = {
			isa = PBXNativeTarget;
			buildConfigurationList = AF78FF7623F5E17300C0D99C /* Build configuration list for PBXNativeTarget "appBuildOne" */;
			buildPhases = (
				AF78FF5E23F5E17200C0D99C /* Sources */,
				AF78FF5F23F5E17200C0D99C /* Frameworks */,
				AF78FF6023F5E17200C0D99C /* Resources */,
			);
			buildRules = (
			);
			dependencies = (
			);
			name = appBuildOne;
			productName = appBuildOne;
			productReference = AF78FF6223F5E17200C0D99C /* appBuildOne.app */;
			productType = "com.apple.product-type.application";
		};
/* End PBXNativeTarget section */

/* Begin PBXProject section */
		AF78FF5A23F5E17200C0D99C /* Project object */ = {
			isa = PBXProject;
			attributes = {
				LastSwiftUpdateCheck = 1130;
				LastUpgradeCheck = 1130;
				ORGANIZATIONNAME = "Rhysa Lee";
				TargetAttributes = {
					AF78FF6123F5E17200C0D99C = {
						CreatedOnToolsVersion = 11.3.1;
					};
				};
			};
			buildConfigurationList = AF78FF5D23F5E17200C0D99C /* Build configuration list for PBXProject "appBuildOne" */;
			compatibilityVersion = "Xcode 9.3";
			developmentRegion = en;
			hasScannedForEncodings = 0;
			knownRegions = (
				en,
				Base,
			);
			mainGroup = AF78FF5923F5E17200C0D99C;
			productRefGroup = AF78FF6323F5E17200C0D99C /* Products */;
			projectDirPath = "";
			projectRoot = "";
			targets = (
				AF78FF6123F5E17200C0D99C /* appBuildOne */,
			);
		};
/* End PBXProject section */

/* Begin PBXResourcesBuildPhase section */
		AF78FF6023F5E17200C0D99C /* Resources */ = {
			isa = PBXResourcesBuildPhase;
			buildActionMask = 2147483647;
			files = (
				AF78FF7223F5E17300C0D99C /* LaunchScreen.storyboard in Resources */,
				AF78FF6F23F5E17300C0D99C /* Assets.xcassets in Resources */,
				AF78FF6D23F5E17200C0D99C /* Main.storyboard in Resources */,
			);
			runOnlyForDeploymentPostprocessing = 0;
		};
/* End PBXResourcesBuildPhase section */

/* Begin PBXSourcesBuildPhase section */
		AF78FF5E23F5E17200C0D99C /* Sources */ = {
			isa = PBXSourcesBuildPhase;
			buildActionMask = 2147483647;
			files = (
				AF78FF6A23F5E17200C0D99C /* ViewController.swift in Sources */,
				AF78FF6623F5E17200C0D99C /* AppDelegate.swift in Sources */,
				AF78FF6823F5E17200C0D99C /* SceneDelegate.swift in Sources */,
				AF78FF7C23F5E90800C0D99C /* secondViewController.swift in Sources */,
				AF78FF7A23F5E2B000C0D99C /* firstViewController.swift in Sources */,
			);
			runOnlyForDeploymentPostprocessing = 0;
		};
/* End PBXSourcesBuildPhase section */

/* Begin PBXVariantGroup section */
		AF78FF6B23F5E17200C0D99C /* Main.storyboard */ = {
			isa = PBXVariantGroup;
			children = (
				AF78FF6C23F5E17200C0D99C /* Base */,
			);
			name = Main.storyboard;
			sourceTree = "<group>";
		};
		AF78FF7023F5E17300C0D99C /* LaunchScreen.storyboard */ = {
			isa = PBXVariantGroup;
			children = (
				AF78FF7123F5E17300C0D99C /* Base */,
			);
			name = LaunchScreen.storyboard;
			sourceTree = "<group>";
		};
/* End PBXVariantGroup section */

/* Begin XCBuildConfiguration section */
		AF78FF7423F5E17300C0D99C /* Debug */ = {
			isa = XCBuildConfiguration;
			buildSettings = {
				ALWAYS_SEARCH_USER_PATHS = NO;
				CLANG_ANALYZER_NONNULL = YES;
				CLANG_ANALYZER_NUMBER_OBJECT_CONVERSION = YES_AGGRESSIVE;
				CLANG_CXX_LANGUAGE_STANDARD = "gnu++14";
				CLANG_CXX_LIBRARY = "libc++";
				CLANG_ENABLE_MODULES = YES;
				CLANG_ENABLE_OBJC_ARC = YES;
				CLANG_ENABLE_OBJC_WEAK = YES;
				CLANG_WARN_BLOCK_CAPTURE_AUTORELEASING = YES;
				CLANG_WARN_BOOL_CONVERSION = YES;
				CLANG_WARN_COMMA = YES;
				CLANG_WARN_CONSTANT_CONVERSION = YES;
				CLANG_WARN_DEPRECATED_OBJC_IMPLEMENTATIONS = YES;
				CLANG_WARN_DIRECT_OBJC_ISA_USAGE = YES_ERROR;
				CLANG_WARN_DOCUMENTATION_COMMENTS = YES;
				CLANG_WARN_EMPTY_BODY = YES;
				CLANG_WARN_ENUM_CONVERSION = YES;
				CLANG_WARN_INFINITE_RECURSION = YES;
				CLANG_WARN_INT_CONVERSION = YES;
				CLANG_WARN_NON_LITERAL_NULL_CONVERSION = YES;
				CLANG_WARN_OBJC_IMPLICIT_RETAIN_SELF = YES;
				CLANG_WARN_OBJC_LITERAL_CONVERSION = YES;
				CLANG_WARN_OBJC_ROOT_CLASS = YES_ERROR;
				CLANG_WARN_RANGE_LOOP_ANALYSIS = YES;
				CLANG_WARN_STRICT_PROTOTYPES = YES;
				CLANG_WARN_SUSPICIOUS_MOVE = YES;
				CLANG_WARN_UNGUARDED_AVAILABILITY = YES_AGGRESSIVE;
				CLANG_WARN_UNREACHABLE_CODE = YES;
				CLANG_WARN__DUPLICATE_METHOD_MATCH = YES;
				COPY_PHASE_STRIP = NO;
				DEBUG_INFORMATION_FORMAT = dwarf;
				ENABLE_STRICT_OBJC_MSGSEND = YES;
				ENABLE_TESTABILITY = YES;
				GCC_C_LANGUAGE_STANDARD = gnu11;
				GCC_DYNAMIC_NO_PIC = NO;
				GCC_NO_COMMON_BLOCKS = YES;
				GCC_OPTIMIZATION_LEVEL = 0;
				GCC_PREPROCESSOR_DEFINITIONS = (
					"DEBUG=1",
					"$(inherited)",
				);
				GCC_WARN_64_TO_32_BIT_CONVERSION = YES;
				GCC_WARN_ABOUT_RETURN_TYPE = YES_ERROR;
				GCC_WARN_UNDECLARED_SELECTOR = YES;
				GCC_WARN_UNINITIALIZED_AUTOS = YES_AGGRESSIVE;
				GCC_WARN_UNUSED_FUNCTION = YES;
				GCC_WARN_UNUSED_VARIABLE = YES;
				IPHONEOS_DEPLOYMENT_TARGET = 13.2;
				MTL_ENABLE_DEBUG_INFO = INCLUDE_SOURCE;
				MTL_FAST_MATH = YES;
				ONLY_ACTIVE_ARCH = YES;
				SDKROOT = iphoneos;
				SWIFT_ACTIVE_COMPILATION_CONDITIONS = DEBUG;
				SWIFT_OPTIMIZATION_LEVEL = "-Onone";
			};
			name = Debug;
		};
		AF78FF7523F5E17300C0D99C /* Release */ = {
			isa = XCBuildConfiguration;
			buildSettings = {
				ALWAYS_SEARCH_USER_PATHS = NO;
				CLANG_ANALYZER_NONNULL = YES;
				CLANG_ANALYZER_NUMBER_OBJECT_CONVERSION = YES_AGGRESSIVE;
				CLANG_CXX_LANGUAGE_STANDARD = "gnu++14";
				CLANG_CXX_LIBRARY = "libc++";
				CLANG_ENABLE_MODULES = YES;
				CLANG_ENABLE_OBJC_ARC = YES;
				CLANG_ENABLE_OBJC_WEAK = YES;
				CLANG_WARN_BLOCK_CAPTURE_AUTORELEASING = YES;
				CLANG_WARN_BOOL_CONVERSION = YES;
				CLANG_WARN_COMMA = YES;
				CLANG_WARN_CONSTANT_CONVERSION = YES;
				CLANG_WARN_DEPRECATED_OBJC_IMPLEMENTATIONS = YES;
				CLANG_WARN_DIRECT_OBJC_ISA_USAGE = YES_ERROR;
				CLANG_WARN_DOCUMENTATION_COMMENTS = YES;
				CLANG_WARN_EMPTY_BODY = YES;
				CLANG_WARN_ENUM_CONVERSION = YES;
				CLANG_WARN_INFINITE_RECURSION = YES;
				CLANG_WARN_INT_CONVERSION = YES;
				CLANG_WARN_NON_LITERAL_NULL_CONVERSION = YES;
				CLANG_WARN_OBJC_IMPLICIT_RETAIN_SELF = YES;
				CLANG_WARN_OBJC_LITERAL_CONVERSION = YES;
				CLANG_WARN_OBJC_ROOT_CLASS = YES_ERROR;
				CLANG_WARN_RANGE_LOOP_ANALYSIS = YES;
				CLANG_WARN_STRICT_PROTOTYPES = YES;
				CLANG_WARN_SUSPICIOUS_MOVE = YES;
				CLANG_WARN_UNGUARDED_AVAILABILITY = YES_AGGRESSIVE;
				CLANG_WARN_UNREACHABLE_CODE = YES;
				CLANG_WARN__DUPLICATE_METHOD_MATCH = YES;
				COPY_PHASE_STRIP = NO;
				DEBUG_INFORMATION_FORMAT = "dwarf-with-dsym";
				ENABLE_NS_ASSERTIONS = NO;
				ENABLE_STRICT_OBJC_MSGSEND = YES;
				GCC_C_LANGUAGE_STANDARD = gnu11;
				GCC_NO_COMMON_BLOCKS = YES;
				GCC_WARN_64_TO_32_BIT_CONVERSION = YES;
				GCC_WARN_ABOUT_RETURN_TYPE = YES_ERROR;
				GCC_WARN_UNDECLARED_SELECTOR = YES;
				GCC_WARN_UNINITIALIZED_AUTOS = YES_AGGRESSIVE;
				GCC_WARN_UNUSED_FUNCTION = YES;
				GCC_WARN_UNUSED_VARIABLE = YES;
				IPHONEOS_DEPLOYMENT_TARGET = 13.2;
				MTL_ENABLE_DEBUG_INFO = NO;
				MTL_FAST_MATH = YES;
				SDKROOT = iphoneos;
				SWIFT_COMPILATION_MODE = wholemodule;
				SWIFT_OPTIMIZATION_LEVEL = "-O";
				VALIDATE_PRODUCT = YES;
			};
			name = Release;
		};
		AF78FF7723F5E17300C0D99C /* Debug */ = {
			isa = XCBuildConfiguration;
			buildSettings = {
				ASSETCATALOG_COMPILER_APPICON_NAME = AppIcon;
				CODE_SIGN_STYLE = Automatic;
				DEVELOPMENT_TEAM = 3C6KH7LGZ9;
				INFOPLIST_FILE = appBuildOne/Info.plist;
				LD_RUNPATH_SEARCH_PATHS = (
					"$(inherited)",
					"@executable_path/Frameworks",
				);
				PRODUCT_BUNDLE_IDENTIFIER = uhwo.appBuildOne;
				PRODUCT_NAME = "$(TARGET_NAME)";
				SWIFT_VERSION = 5.0;
				TARGETED_DEVICE_FAMILY = "1,2";
			};
			name = Debug;
		};
		AF78FF7823F5E17300C0D99C /* Release */ = {
			isa = XCBuildConfiguration;
			buildSettings = {
				ASSETCATALOG_COMPILER_APPICON_NAME = AppIcon;
				CODE_SIGN_STYLE = Automatic;
				DEVELOPMENT_TEAM = 3C6KH7LGZ9;
				INFOPLIST_FILE = appBuildOne/Info.plist;
				LD_RUNPATH_SEARCH_PATHS = (
					"$(inherited)",
					"@executable_path/Frameworks",
				);
				PRODUCT_BUNDLE_IDENTIFIER = uhwo.appBuildOne;
				PRODUCT_NAME = "$(TARGET_NAME)";
				SWIFT_VERSION = 5.0;
				TARGETED_DEVICE_FAMILY = "1,2";
			};
			name = Release;
		};
/* End XCBuildConfiguration section */

/* Begin XCConfigurationList section */
		AF78FF5D23F5E17200C0D99C /* Build configuration list for PBXProject "appBuildOne" */ = {
			isa = XCConfigurationList;
			buildConfigurations = (
				AF78FF7423F5E17300C0D99C /* Debug */,
				AF78FF7523F5E17300C0D99C /* Release */,
			);
			defaultConfigurationIsVisible = 0;
			defaultConfigurationName = Release;
		};
		AF78FF7623F5E17300C0D99C /* Build configuration list for PBXNativeTarget "appBuildOne" */ = {
			isa = XCConfigurationList;
			buildConfigurations = (
				AF78FF7723F5E17300C0D99C /* Debug */,
				AF78FF7823F5E17300C0D99C /* Release */,
			);
			defaultConfigurationIsVisible = 0;
			defaultConfigurationName = Release;
		};
/* End XCConfigurationList section */
	};
	rootObject = AF78FF5A23F5E17200C0D99C /* Project object */;
}
